
Microsoft Visual Studio Solution File, Format Version 12.00
# Visual Studio Version 16
VisualStudioVersion = 16.0.31515.178
MinimumVisualStudioVersion = 10.0.40219.1
Project("{FAE04EC0-301F-11D3-BF4B-00C04F79EFBC}") = "Problem 1", "Problem 1\Problem 1.csproj", "{70F69F2E-405A-435A-BBAE-5985397B810D}"
EndProject
Global
	GlobalSection(SolutionConfigurationPlatforms) = preSolution
		Debug|Any CPU = Debug|Any CPU
		Release|Any CPU = Release|Any CPU
	EndGlobalSection
	GlobalSection(ProjectConfigurationPlatforms) = postSolution
		{70F69F2E-405A-435A-BBAE-5985397B810D}.Debug|Any CPU.ActiveCfg = Debug|Any CPU
		{70F69F2E-405A-435A-BBAE-5985397B810D}.Debug|Any CPU.Build.0 = Debug|Any CPU
		{70F69F2E-405A-435A-BBAE-5985397B810D}.Release|Any CPU.ActiveCfg = Release|Any CPU
		{70F69F2E-405A-435A-BBAE-5985397B810D}.Release|Any CPU.Build.0 = Release|Any CPU
	EndGlobalSection
	GlobalSection(SolutionProperties) = preSolution
		HideSolutionNode = FALSE
	EndGlobalSection
	GlobalSection(ExtensibilityGlobals) = postSolution
		SolutionGuid = {F19B88F3-E919-4870-977E-F056C1AED03A}
	EndGlobalSection
EndGlobal
